
Microsoft Visual Studio Solution File, Format Version 12.00
# Visual Studio Version 17
VisualStudioVersion = 17.7.34031.279
MinimumVisualStudioVersion = 10.0.40219.1
Project("{FAE04EC0-301F-11D3-BF4B-00C04F79EFBC}") = "WpfOvo", "WpfOvo\WpfOvo.csproj", "{DBC8EA0C-20D7-4E34-8AE2-DD0F2F53FC24}"
EndProject
Project("{FAE04EC0-301F-11D3-BF4B-00C04F79EFBC}") = "HashPasswords", "HashPasswords\HashPasswords.csproj", "{BD333F96-3996-4AFD-97CB-451DB3F457E1}"
EndProject
Global
	GlobalSection(SolutionConfigurationPlatforms) = preSolution
		Debug|Any CPU = Debug|Any CPU
		Release|Any CPU = Release|Any CPU
	EndGlobalSection
	GlobalSection(ProjectConfigurationPlatforms) = postSolution
		{DBC8EA0C-20D7-4E34-8AE2-DD0F2F53FC24}.Debug|Any CPU.ActiveCfg = Debug|Any CPU
		{DBC8EA0C-20D7-4E34-8AE2-DD0F2F53FC24}.Debug|Any CPU.Build.0 = Debug|Any CPU
		{DBC8EA0C-20D7-4E34-8AE2-DD0F2F53FC24}.Release|Any CPU.ActiveCfg = Release|Any CPU
		{DBC8EA0C-20D7-4E34-8AE2-DD0F2F53FC24}.Release|Any CPU.Build.0 = Release|Any CPU
		{BD333F96-3996-4AFD-97CB-451DB3F457E1}.Debug|Any CPU.ActiveCfg = Debug|Any CPU
		{BD333F96-3996-4AFD-97CB-451DB3F457E1}.Debug|Any CPU.Build.0 = Debug|Any CPU
		{BD333F96-3996-4AFD-97CB-451DB3F457E1}.Release|Any CPU.ActiveCfg = Release|Any CPU
		{BD333F96-3996-4AFD-97CB-451DB3F457E1}.Release|Any CPU.Build.0 = Release|Any CPU
	EndGlobalSection
	GlobalSection(SolutionProperties) = preSolution
		HideSolutionNode = FALSE
	EndGlobalSection
	GlobalSection(ExtensibilityGlobals) = postSolution
		SolutionGuid = {2058D701-8557-40AA-9135-02BDDF976E9D}
	EndGlobalSection
EndGlobal
